<?xml version="1.0" encoding="utf-8"?>
<Project ToolsVersion="4.0" xmlns="http://schemas.microsoft.com/developer/msbuild/2003">
  <ItemGroup>
    <Filter Include="Form Files">
      <UniqueIdentifier>{99349809-55BA-4b9d-BF79-8FDBB0286EB3}</UniqueIdentifier>
      <Extensions>ui</Extensions>
      <ParseFiles>false</ParseFiles>
    </Filter>
    <Filter Include="Form Files">
      <UniqueIdentifier>{99349809-55BA-4b9d-BF79-8FDBB0286EB3}</UniqueIdentifier>
      <Extensions>ui</Extensions>
      <ParseFiles>false</ParseFiles>
    </Filter>
    <Filter Include="Generated Files">
      <UniqueIdentifier>{71ED8ED8-ACB9-4CE9-BBE1-E00B30144E11}</UniqueIdentifier>
      <Extensions>cpp;c;cxx;moc;h;def;odl;idl;res;</Extensions>
    </Filter>
    <Filter Include="Generated Files">
      <UniqueIdentifier>{71ED8ED8-ACB9-4CE9-BBE1-E00B30144E11}</UniqueIdentifier>
      <Extensions>cpp;c;cxx;moc;h;def;odl;idl;res;</Extensions>
    </Filter>
    <Filter Include="Header Files">
      <UniqueIdentifier>{93995380-89BD-4b04-88EB-625FBE52EBFB}</UniqueIdentifier>
      <Extensions>h;hpp;hxx;hm;inl;inc;xsd</Extensions>
    </Filter>
    <Filter Include="Header Files">
      <UniqueIdentifier>{93995380-89BD-4b04-88EB-625FBE52EBFB}</UniqueIdentifier>
      <Extensions>h;hpp;hxx;hm;inl;inc;xsd</Extensions>
    </Filter>
    <Filter Include="Source Files">
      <UniqueIdentifier>{4FC737F1-C7A5-4376-A066-2A32D752A2FF}</UniqueIdentifier>
      <Extensions>cpp;c;cxx;def;odl;idl;hpj;bat;asm;asmx</Extensions>
    </Filter>
    <Filter Include="Source Files">
      <UniqueIdentifier>{4FC737F1-C7A5-4376-A066-2A32D752A2FF}</UniqueIdentifier>
      <Extensions>cpp;c;cxx;def;odl;idl;hpj;bat;asm;asmx</Extensions>
    </Filter>
    <Filter Include="Generated Files\Debug">
      <UniqueIdentifier>{e65efecf-5daa-47f4-a072-3719c0aeed12}</UniqueIdentifier>
      <Extensions>cpp;moc</Extensions>
      <SourceControlFiles>False</SourceControlFiles>
    </Filter>
    <Filter Include="Generated Files\Release">
      <UniqueIdentifier>{6ad34afc-244f-4694-bd25-e0b8d2934b66}</UniqueIdentifier>
      <Extensions>cpp;moc</Extensions>
      <SourceControlFiles>False</SourceControlFiles>
    </Filter>
  </ItemGroup>
  <ItemGroup>
    <ClCompile Include="Matrix3D_D.cpp">
      <Filter>Source Files</Filter>
    </ClCompile>
    <ClCompile Include="TemplateNASP.cpp">
      <Filter>Source Files</Filter>
    </ClCompile>
    <ClCompile Include="Vector3D_D.cpp">
      <Filter>Source Files</Filter>
    </ClCompile>
    <ClCompile Include="formsettings.cpp">
      <Filter>Source Files</Filter>
    </ClCompile>
    <ClCompile Include="gl_func.cpp">
      <Filter>Source Files</Filter>
    </ClCompile>
    <ClCompile Include="main.cpp">
      <Filter>Source Files</Filter>
    </ClCompile>
    <ClCompile Include="view3DArea.cpp">
      <Filter>Source Files</Filter>
    </ClCompile>
    <ClCompile Include="view3dterrain.cpp">
      <Filter>Source Files</Filter>
    </ClCompile>
    <ClCompile Include="visual3D.cpp">
      <Filter>Source Files</Filter>
    </ClCompile>
    <ClCompile Include="visudp.cpp">
      <Filter>Source Files</Filter>
    </ClCompile>
    <ClCompile Include="Debug\moc_formsettings.cpp">
      <Filter>Generated Files\Debug</Filter>
    </ClCompile>
    <ClCompile Include="Release\moc_formsettings.cpp">
      <Filter>Generated Files\Release</Filter>
    </ClCompile>
    <ClCompile Include="Debug\moc_view3DArea.cpp">
      <Filter>Generated Files\Debug</Filter>
    </ClCompile>
    <ClCompile Include="Release\moc_view3DArea.cpp">
      <Filter>Generated Files\Release</Filter>
    </ClCompile>
    <ClCompile Include="Debug\moc_view3dterrain.cpp">
      <Filter>Generated Files\Debug</Filter>
    </ClCompile>
    <ClCompile Include="Release\moc_view3dterrain.cpp">
      <Filter>Generated Files\Release</Filter>
    </ClCompile>
    <ClCompile Include="Debug\moc_visudp.cpp">
      <Filter>Generated Files\Debug</Filter>
    </ClCompile>
    <ClCompile Include="Release\moc_visudp.cpp">
      <Filter>Generated Files\Release</Filter>
    </ClCompile>
  </ItemGroup>
  <ItemGroup>
    <ClInclude Include="Matrix3D_D.h">
      <Filter>Header Files</Filter>
    </ClInclude>
    <ClInclude Include="TemplateNASP.hpp">
      <Filter>Header Files</Filter>
    </ClInclude>
    <ClInclude Include="Vector3D_D.h">
      <Filter>Header Files</Filter>
    </ClInclude>
    <CustomBuild Include="formsettings.h">
      <Filter>Header Files</Filter>
    </CustomBuild>
    <ClInclude Include="gl_func.h">
      <Filter>Header Files</Filter>
    </ClInclude>
    <ClInclude Include="globalData.h">
      <Filter>Header Files</Filter>
    </ClInclude>
    <CustomBuild Include="view3DArea.h">
      <Filter>Header Files</Filter>
    </CustomBuild>
    <CustomBuild Include="view3dterrain.h">
      <Filter>Header Files</Filter>
    </CustomBuild>
    <ClInclude Include="visual3D.h">
      <Filter>Header Files</Filter>
    </ClInclude>
    <CustomBuild Include="visudp.h">
      <Filter>Header Files</Filter>
    </CustomBuild>
    <ClInclude Include="GeneratedFiles\ui_formsettings.h">
      <Filter>Generated Files</Filter>
    </ClInclude>
    <ClInclude Include="color.vsh.h">
      <Filter>Header Files</Filter>
    </ClInclude>
    <ClInclude Include="color.fsh.h">
      <Filter>Header Files</Filter>
    </ClInclude>
  </ItemGroup>
  <ItemGroup>
    <CustomBuild Include="formsettings.ui">
      <Filter>Form Files</Filter>
    </CustomBuild>
  </ItemGroup>
  <ItemGroup>
    <Library Include="QGLViewerd2.lib" />
  </ItemGroup>
  <ItemGroup>
    <None Include="debug\glew32.dll" />
  </ItemGroup>
</Project>